// !$*UTF8*$!
{
	archiveVersion = 1;
	classes = {
	};
	objectVersion = 56;
	objects = {

/* Begin PBXBuildFile section */
		BD00E71C2A37A5AD00291E1B /* DetailView.swift in Sources */ = {isa = PBXBuildFile; fileRef = BD00E71B2A37A5AD00291E1B /* DetailView.swift */; };
		BD00E7232A38032600291E1B /* Persistence.swift in Sources */ = {isa = PBXBuildFile; fileRef = BD00E7222A38032600291E1B /* Persistence.swift */; };
		BD00E78C2A38095E00291E1B /* CoreDataModel.xcdatamodeld in Sources */ = {isa = PBXBuildFile; fileRef = BD00E78A2A38095E00291E1B /* CoreDataModel.xcdatamodeld */; };
		BD00E78F2A38098800291E1B /* Note+CoreDataClass.swift in Sources */ = {isa = PBXBuildFile; fileRef = BD00E78D2A38098800291E1B /* Note+CoreDataClass.swift */; };
		BD00E7902A38098800291E1B /* Note+CoreDataProperties.swift in Sources */ = {isa = PBXBuildFile; fileRef = BD00E78E2A38098800291E1B /* Note+CoreDataProperties.swift */; };
		BD983EE72A37744D000A0C9E /* NotesApp Watch App.app in Embed Watch Content */ = {isa = PBXBuildFile; fileRef = BD983EE62A37744D000A0C9E /* NotesApp Watch App.app */; settings = {ATTRIBUTES = (RemoveHeadersOnCopy, ); }; };
		BD983EEC2A37744D000A0C9E /* NotesAppApp.swift in Sources */ = {isa = PBXBuildFile; fileRef = BD983EEB2A37744D000A0C9E /* NotesAppApp.swift */; };
		BD983EEE2A37744D000A0C9E /* ContentView.swift in Sources */ = {isa = PBXBuildFile; fileRef = BD983EED2A37744D000A0C9E /* ContentView.swift */; };
		BD983EF02A37744F000A0C9E /* Assets.xcassets in Resources */ = {isa = PBXBuildFile; fileRef = BD983EEF2A37744F000A0C9E /* Assets.xcassets */; };
		BD983EF32A37744F000A0C9E /* Preview Assets.xcassets in Resources */ = {isa = PBXBuildFile; fileRef = BD983EF22A37744F000A0C9E /* Preview Assets.xcassets */; };
/* End PBXBuildFile section */

/* Begin PBXContainerItemProxy section */
		BD983EE82A37744D000A0C9E /* PBXContainerItemProxy */ = {
			isa = PBXContainerItemProxy;
			containerPortal = BD983EDA2A37744D000A0C9E /* Project object */;
			proxyType = 1;
			remoteGlobalIDString = BD983EE52A37744D000A0C9E;
			remoteInfo = "NotesApp Watch App";
		};
/* End PBXContainerItemProxy section */

/* Begin PBXCopyFilesBuildPhase section */
		BD983EF92A37744F000A0C9E /* Embed Watch Content */ = {
			isa = PBXCopyFilesBuildPhase;
			buildActionMask = 2147483647;
			dstPath = "$(CONTENTS_FOLDER_PATH)/Watch";
			dstSubfolderSpec = 16;
			files = (
				BD983EE72A37744D000A0C9E /* NotesApp Watch App.app in Embed Watch Content */,
			);
			name = "Embed Watch Content";
			runOnlyForDeploymentPostprocessing = 0;
		};
/* End PBXCopyFilesBuildPhase section */

/* Begin PBXFileReference section */
		BD00E71B2A37A5AD00291E1B /* DetailView.swift */ = {isa = PBXFileReference; lastKnownFileType = sourcecode.swift; path = DetailView.swift; sourceTree = "<group>"; };
		BD00E7222A38032600291E1B /* Persistence.swift */ = {isa = PBXFileReference; lastKnownFileType = sourcecode.swift; path = Persistence.swift; sourceTree = "<group>"; };
		BD00E78B2A38095E00291E1B /* CoreDataModel.xcdatamodel */ = {isa = PBXFileReference; lastKnownFileType = wrapper.xcdatamodel; path = CoreDataModel.xcdatamodel; sourceTree = "<group>"; };
		BD00E78D2A38098800291E1B /* Note+CoreDataClass.swift */ = {isa = PBXFileReference; lastKnownFileType = sourcecode.swift; path = "Note+CoreDataClass.swift"; sourceTree = "<group>"; };
		BD00E78E2A38098800291E1B /* Note+CoreDataProperties.swift */ = {isa = PBXFileReference; lastKnownFileType = sourcecode.swift; path = "Note+CoreDataProperties.swift"; sourceTree = "<group>"; };
		BD983EE02A37744D000A0C9E /* NotesApp.app */ = {isa = PBXFileReference; explicitFileType = wrapper.application; includeInIndex = 0; path = NotesApp.app; sourceTree = BUILT_PRODUCTS_DIR; };
		BD983EE62A37744D000A0C9E /* NotesApp Watch App.app */ = {isa = PBXFileReference; explicitFileType = wrapper.application; includeInIndex = 0; path = "NotesApp Watch App.app"; sourceTree = BUILT_PRODUCTS_DIR; };
		BD983EEB2A37744D000A0C9E /* NotesAppApp.swift */ = {isa = PBXFileReference; lastKnownFileType = sourcecode.swift; path = NotesAppApp.swift; sourceTree = "<group>"; };
		BD983EED2A37744D000A0C9E /* ContentView.swift */ = {isa = PBXFileReference; lastKnownFileType = sourcecode.swift; path = ContentView.swift; sourceTree = "<group>"; };
		BD983EEF2A37744F000A0C9E /* Assets.xcassets */ = {isa = PBXFileReference; lastKnownFileType = folder.assetcatalog; path = Assets.xcassets; sourceTree = "<group>"; };
		BD983EF22A37744F000A0C9E /* Preview Assets.xcassets */ = {isa = PBXFileReference; lastKnownFileType = folder.assetcatalog; path = "Preview Assets.xcassets"; sourceTree = "<group>"; };
/* End PBXFileReference section */

/* Begin PBXFrameworksBuildPhase section */
		BD983EE32A37744D000A0C9E /* Frameworks */ = {
			isa = PBXFrameworksBuildPhase;
			buildActionMask = 2147483647;
			files = (
			);
			runOnlyForDeploymentPostprocessing = 0;
		};
/* End PBXFrameworksBuildPhase section */

/* Begin PBXGroup section */
		BD983ED92A37744D000A0C9E = {
			isa = PBXGroup;
			children = (
				BD00E78D2A38098800291E1B /* Note+CoreDataClass.swift */,
				BD00E78E2A38098800291E1B /* Note+CoreDataProperties.swift */,
				BD983EEA2A37744D000A0C9E /* NotesApp Watch App */,
				BD983EE12A37744D000A0C9E /* Products */,
			);
			sourceTree = "<group>";
		};
		BD983EE12A37744D000A0C9E /* Products */ = {
			isa = PBXGroup;
			children = (
				BD983EE02A37744D000A0C9E /* NotesApp.app */,
				BD983EE62A37744D000A0C9E /* NotesApp Watch App.app */,
			);
			name = Products;
			sourceTree = "<group>";
		};
		BD983EEA2A37744D000A0C9E /* NotesApp Watch App */ = {
			isa = PBXGroup;
			children = (
				BD983EEB2A37744D000A0C9E /* NotesAppApp.swift */,
				BD983EFF2A377635000A0C9E /* Views */,
				BD983EEF2A37744F000A0C9E /* Assets.xcassets */,
				BD983EF12A37744F000A0C9E /* Preview Content */,
				BD983F002A37763D000A0C9E /* Model */,
				BD00E7222A38032600291E1B /* Persistence.swift */,
				BD00E78A2A38095E00291E1B /* CoreDataModel.xcdatamodeld */,
			);
			path = "NotesApp Watch App";
			sourceTree = "<group>";
		};
		BD983EF12A37744F000A0C9E /* Preview Content */ = {
			isa = PBXGroup;
			children = (
				BD983EF22A37744F000A0C9E /* Preview Assets.xcassets */,
			);
			path = "Preview Content";
			sourceTree = "<group>";
		};
		BD983EFF2A377635000A0C9E /* Views */ = {
			isa = PBXGroup;
			children = (
				BD983EED2A37744D000A0C9E /* ContentView.swift */,
				BD00E71B2A37A5AD00291E1B /* DetailView.swift */,
			);
			path = Views;
			sourceTree = "<group>";
		};
		BD983F002A37763D000A0C9E /* Model */ = {
			isa = PBXGroup;
			children = (
			);
			path = Model;
			sourceTree = "<group>";
		};
/* End PBXGroup section */

/* Begin PBXNativeTarget section */
		BD983EDF2A37744D000A0C9E /* NotesApp */ = {
			isa = PBXNativeTarget;
			buildConfigurationList = BD983EFA2A37744F000A0C9E /* Build configuration list for PBXNativeTarget "NotesApp" */;
			buildPhases = (
				BD983EDE2A37744D000A0C9E /* Resources */,
				BD983EF92A37744F000A0C9E /* Embed Watch Content */,
			);
			buildRules = (
			);
			dependencies = (
				BD983EE92A37744D000A0C9E /* PBXTargetDependency */,
			);
			name = NotesApp;
			productName = NotesApp;
			productReference = BD983EE02A37744D000A0C9E /* NotesApp.app */;
			productType = "com.apple.product-type.application.watchapp2-container";
		};
		BD983EE52A37744D000A0C9E /* NotesApp Watch App */ = {
			isa = PBXNativeTarget;
			buildConfigurationList = BD983EF62A37744F000A0C9E /* Build configuration list for PBXNativeTarget "NotesApp Watch App" */;
			buildPhases = (
				BD983EE22A37744D000A0C9E /* Sources */,
				BD983EE32A37744D000A0C9E /* Frameworks */,
				BD983EE42A37744D000A0C9E /* Resources */,
			);
			buildRules = (
			);
			dependencies = (
			);
			name = "NotesApp Watch App";
			productName = "NotesApp Watch App";
			productReference = BD983EE62A37744D000A0C9E /* NotesApp Watch App.app */;
			productType = "com.apple.product-type.application";
		};
/* End PBXNativeTarget section */

/* Begin PBXProject section */
		BD983EDA2A37744D000A0C9E /* Project object */ = {
			isa = PBXProject;
			attributes = {
				BuildIndependentTargetsInParallel = 1;
				LastSwiftUpdateCheck = 1420;
				LastUpgradeCheck = 1420;
				TargetAttributes = {
					BD983EDF2A37744D000A0C9E = {
						CreatedOnToolsVersion = 14.2;
					};
					BD983EE52A37744D000A0C9E = {
						CreatedOnToolsVersion = 14.2;
					};
				};
			};
			buildConfigurationList = BD983EDD2A37744D000A0C9E /* Build configuration list for PBXProject "NotesApp" */;
			compatibilityVersion = "Xcode 14.0";
			developmentRegion = en;
			hasScannedForEncodings = 0;
			knownRegions = (
				en,
				Base,
			);
			mainGroup = BD983ED92A37744D000A0C9E;
			productRefGroup = BD983EE12A37744D000A0C9E /* Products */;
			projectDirPath = "";
			projectRoot = "";
			targets = (
				BD983EDF2A37744D000A0C9E /* NotesApp */,
				BD983EE52A37744D000A0C9E /* NotesApp Watch App */,
			);
		};
/* End PBXProject section */

/* Begin PBXResourcesBuildPhase section */
		BD983EDE2A37744D000A0C9E /* Resources */ = {
			isa = PBXResourcesBuildPhase;
			buildActionMask = 2147483647;
			files = (
			);
			runOnlyForDeploymentPostprocessing = 0;
		};
		BD983EE42A37744D000A0C9E /* Resources */ = {
			isa = PBXResourcesBuildPhase;
			buildActionMask = 2147483647;
			files = (
				BD983EF32A37744F000A0C9E /* Preview Assets.xcassets in Resources */,
				BD983EF02A37744F000A0C9E /* Assets.xcassets in Resources */,
			);
			runOnlyForDeploymentPostprocessing = 0;
		};
/* End PBXResourcesBuildPhase section */

/* Begin PBXSourcesBuildPhase section */
		BD983EE22A37744D000A0C9E /* Sources */ = {
			isa = PBXSourcesBuildPhase;
			buildActionMask = 2147483647;
			files = (
				BD983EEE2A37744D000A0C9E /* ContentView.swift in Sources */,
				BD00E71C2A37A5AD00291E1B /* DetailView.swift in Sources */,
				BD00E7232A38032600291E1B /* Persistence.swift in Sources */,
				BD983EEC2A37744D000A0C9E /* NotesAppApp.swift in Sources */,
				BD00E78F2A38098800291E1B /* Note+CoreDataClass.swift in Sources */,
				BD00E78C2A38095E00291E1B /* CoreDataModel.xcdatamodeld in Sources */,
				BD00E7902A38098800291E1B /* Note+CoreDataProperties.swift in Sources */,
			);
			runOnlyForDeploymentPostprocessing = 0;
		};
/* End PBXSourcesBuildPhase section */

/* Begin PBXTargetDependency section */
		BD983EE92A37744D000A0C9E /* PBXTargetDependency */ = {
			isa = PBXTargetDependency;
			target = BD983EE52A37744D000A0C9E /* NotesApp Watch App */;
			targetProxy = BD983EE82A37744D000A0C9E /* PBXContainerItemProxy */;
		};
/* End PBXTargetDependency section */

/* Begin XCBuildConfiguration section */
		BD983EF42A37744F000A0C9E /* Debug */ = {
			isa = XCBuildConfiguration;
			buildSettings = {
				ALWAYS_SEARCH_USER_PATHS = NO;
				CLANG_ANALYZER_NONNULL = YES;
				CLANG_ANALYZER_NUMBER_OBJECT_CONVERSION = YES_AGGRESSIVE;
				CLANG_CXX_LANGUAGE_STANDARD = "gnu++20";
				CLANG_ENABLE_MODULES = YES;
				CLANG_ENABLE_OBJC_ARC = YES;
				CLANG_ENABLE_OBJC_WEAK = YES;
				CLANG_WARN_BLOCK_CAPTURE_AUTORELEASING = YES;
				CLANG_WARN_BOOL_CONVERSION = YES;
				CLANG_WARN_COMMA = YES;
				CLANG_WARN_CONSTANT_CONVERSION = YES;
				CLANG_WARN_DEPRECATED_OBJC_IMPLEMENTATIONS = YES;
				CLANG_WARN_DIRECT_OBJC_ISA_USAGE = YES_ERROR;
				CLANG_WARN_DOCUMENTATION_COMMENTS = YES;
				CLANG_WARN_EMPTY_BODY = YES;
				CLANG_WARN_ENUM_CONVERSION = YES;
				CLANG_WARN_INFINITE_RECURSION = YES;
				CLANG_WARN_INT_CONVERSION = YES;
				CLANG_WARN_NON_LITERAL_NULL_CONVERSION = YES;
				CLANG_WARN_OBJC_IMPLICIT_RETAIN_SELF = YES;
				CLANG_WARN_OBJC_LITERAL_CONVERSION = YES;
				CLANG_WARN_OBJC_ROOT_CLASS = YES_ERROR;
				CLANG_WARN_QUOTED_INCLUDE_IN_FRAMEWORK_HEADER = YES;
				CLANG_WARN_RANGE_LOOP_ANALYSIS = YES;
				CLANG_WARN_STRICT_PROTOTYPES = YES;
				CLANG_WARN_SUSPICIOUS_MOVE = YES;
				CLANG_WARN_UNGUARDED_AVAILABILITY = YES_AGGRESSIVE;
				CLANG_WARN_UNREACHABLE_CODE = YES;
				CLANG_WARN__DUPLICATE_METHOD_MATCH = YES;
				COPY_PHASE_STRIP = NO;
				DEBUG_INFORMATION_FORMAT = dwarf;
				ENABLE_STRICT_OBJC_MSGSEND = YES;
				ENABLE_TESTABILITY = YES;
				GCC_C_LANGUAGE_STANDARD = gnu11;
				GCC_DYNAMIC_NO_PIC = NO;
				GCC_NO_COMMON_BLOCKS = YES;
				GCC_OPTIMIZATION_LEVEL = 0;
				GCC_PREPROCESSOR_DEFINITIONS = (
					"DEBUG=1",
					"$(inherited)",
				);
				GCC_WARN_64_TO_32_BIT_CONVERSION = YES;
				GCC_WARN_ABOUT_RETURN_TYPE = YES_ERROR;
				GCC_WARN_UNDECLARED_SELECTOR = YES;
				GCC_WARN_UNINITIALIZED_AUTOS = YES_AGGRESSIVE;
				GCC_WARN_UNUSED_FUNCTION = YES;
				GCC_WARN_UNUSED_VARIABLE = YES;
				MTL_ENABLE_DEBUG_INFO = INCLUDE_SOURCE;
				MTL_FAST_MATH = YES;
				ONLY_ACTIVE_ARCH = YES;
				SWIFT_ACTIVE_COMPILATION_CONDITIONS = DEBUG;
				SWIFT_OPTIMIZATION_LEVEL = "-Onone";
			};
			name = Debug;
		};
		BD983EF52A37744F000A0C9E /* Release */ = {
			isa = XCBuildConfiguration;
			buildSettings = {
				ALWAYS_SEARCH_USER_PATHS = NO;
				CLANG_ANALYZER_NONNULL = YES;
				CLANG_ANALYZER_NUMBER_OBJECT_CONVERSION = YES_AGGRESSIVE;
				CLANG_CXX_LANGUAGE_STANDARD = "gnu++20";
				CLANG_ENABLE_MODULES = YES;
				CLANG_ENABLE_OBJC_ARC = YES;
				CLANG_ENABLE_OBJC_WEAK = YES;
				CLANG_WARN_BLOCK_CAPTURE_AUTORELEASING = YES;
				CLANG_WARN_BOOL_CONVERSION = YES;
				CLANG_WARN_COMMA = YES;
				CLANG_WARN_CONSTANT_CONVERSION = YES;
				CLANG_WARN_DEPRECATED_OBJC_IMPLEMENTATIONS = YES;
				CLANG_WARN_DIRECT_OBJC_ISA_USAGE = YES_ERROR;
				CLANG_WARN_DOCUMENTATION_COMMENTS = YES;
				CLANG_WARN_EMPTY_BODY = YES;
				CLANG_WARN_ENUM_CONVERSION = YES;
				CLANG_WARN_INFINITE_RECURSION = YES;
				CLANG_WARN_INT_CONVERSION = YES;
				CLANG_WARN_NON_LITERAL_NULL_CONVERSION = YES;
				CLANG_WARN_OBJC_IMPLICIT_RETAIN_SELF = YES;
				CLANG_WARN_OBJC_LITERAL_CONVERSION = YES;
				CLANG_WARN_OBJC_ROOT_CLASS = YES_ERROR;
				CLANG_WARN_QUOTED_INCLUDE_IN_FRAMEWORK_HEADER = YES;
				CLANG_WARN_RANGE_LOOP_ANALYSIS = YES;
				CLANG_WARN_STRICT_PROTOTYPES = YES;
				CLANG_WARN_SUSPICIOUS_MOVE = YES;
				CLANG_WARN_UNGUARDED_AVAILABILITY = YES_AGGRESSIVE;
				CLANG_WARN_UNREACHABLE_CODE = YES;
				CLANG_WARN__DUPLICATE_METHOD_MATCH = YES;
				COPY_PHASE_STRIP = NO;
				DEBUG_INFORMATION_FORMAT = "dwarf-with-dsym";
				ENABLE_NS_ASSERTIONS = NO;
				ENABLE_STRICT_OBJC_MSGSEND = YES;
				GCC_C_LANGUAGE_STANDARD = gnu11;
				GCC_NO_COMMON_BLOCKS = YES;
				GCC_WARN_64_TO_32_BIT_CONVERSION = YES;
				GCC_WARN_ABOUT_RETURN_TYPE = YES_ERROR;
				GCC_WARN_UNDECLARED_SELECTOR = YES;
				GCC_WARN_UNINITIALIZED_AUTOS = YES_AGGRESSIVE;
				GCC_WARN_UNUSED_FUNCTION = YES;
				GCC_WARN_UNUSED_VARIABLE = YES;
				MTL_ENABLE_DEBUG_INFO = NO;
				MTL_FAST_MATH = YES;
				SWIFT_COMPILATION_MODE = wholemodule;
				SWIFT_OPTIMIZATION_LEVEL = "-O";
			};
			name = Release;
		};
		BD983EF72A37744F000A0C9E /* Debug */ = {
			isa = XCBuildConfiguration;
			buildSettings = {
				ASSETCATALOG_COMPILER_APPICON_NAME = AppIcon;
				ASSETCATALOG_COMPILER_GLOBAL_ACCENT_COLOR_NAME = AccentColor;
				CODE_SIGN_STYLE = Automatic;
				CURRENT_PROJECT_VERSION = 1;
				DEVELOPMENT_ASSET_PATHS = "\"NotesApp Watch App/Preview Content\"";
				DEVELOPMENT_TEAM = 7H6244WWCM;
				ENABLE_PREVIEWS = YES;
				GENERATE_INFOPLIST_FILE = YES;
				INFOPLIST_KEY_CFBundleDisplayName = NotesApp;
				INFOPLIST_KEY_UISupportedInterfaceOrientations = "UIInterfaceOrientationPortrait UIInterfaceOrientationPortraitUpsideDown";
				INFOPLIST_KEY_WKWatchOnly = YES;
				LD_RUNPATH_SEARCH_PATHS = (
					"$(inherited)",
					"@executable_path/Frameworks",
				);
				MARKETING_VERSION = 1.0;
				PRODUCT_BUNDLE_IDENTIFIER = panchami.com.NotesApp.watchkitapp;
				PRODUCT_NAME = "$(TARGET_NAME)";
				SDKROOT = watchos;
				SKIP_INSTALL = YES;
				SWIFT_EMIT_LOC_STRINGS = YES;
				SWIFT_VERSION = 5.0;
				TARGETED_DEVICE_FAMILY = 4;
				WATCHOS_DEPLOYMENT_TARGET = 9.1;
			};
			name = Debug;
		};
		BD983EF82A37744F000A0C9E /* Release */ = {
			isa = XCBuildConfiguration;
			buildSettings = {
				ASSETCATALOG_COMPILER_APPICON_NAME = AppIcon;
				ASSETCATALOG_COMPILER_GLOBAL_ACCENT_COLOR_NAME = AccentColor;
				CODE_SIGN_STYLE = Automatic;
				CURRENT_PROJECT_VERSION = 1;
				DEVELOPMENT_ASSET_PATHS = "\"NotesApp Watch App/Preview Content\"";
				DEVELOPMENT_TEAM = 7H6244WWCM;
				ENABLE_PREVIEWS = YES;
				GENERATE_INFOPLIST_FILE = YES;
				INFOPLIST_KEY_CFBundleDisplayName = NotesApp;
				INFOPLIST_KEY_UISupportedInterfaceOrientations = "UIInterfaceOrientationPortrait UIInterfaceOrientationPortraitUpsideDown";
				INFOPLIST_KEY_WKWatchOnly = YES;
				LD_RUNPATH_SEARCH_PATHS = (
					"$(inherited)",
					"@executable_path/Frameworks",
				);
				MARKETING_VERSION = 1.0;
				PRODUCT_BUNDLE_IDENTIFIER = panchami.com.NotesApp.watchkitapp;
				PRODUCT_NAME = "$(TARGET_NAME)";
				SDKROOT = watchos;
				SKIP_INSTALL = YES;
				SWIFT_EMIT_LOC_STRINGS = YES;
				SWIFT_VERSION = 5.0;
				TARGETED_DEVICE_FAMILY = 4;
				VALIDATE_PRODUCT = YES;
				WATCHOS_DEPLOYMENT_TARGET = 9.1;
			};
			name = Release;
		};
		BD983EFB2A37744F000A0C9E /* Debug */ = {
			isa = XCBuildConfiguration;
			buildSettings = {
				ALWAYS_EMBED_SWIFT_STANDARD_LIBRARIES = YES;
				CODE_SIGN_STYLE = Automatic;
				CURRENT_PROJECT_VERSION = 1;
				DEVELOPMENT_TEAM = 7H6244WWCM;
				INFOPLIST_KEY_CFBundleDisplayName = NotesApp;
				MARKETING_VERSION = 1.0;
				PRODUCT_BUNDLE_IDENTIFIER = panchami.com.NotesApp;
				PRODUCT_NAME = "$(TARGET_NAME)";
				SDKROOT = iphoneos;
				SWIFT_VERSION = 5.0;
			};
			name = Debug;
		};
		BD983EFC2A37744F000A0C9E /* Release */ = {
			isa = XCBuildConfiguration;
			buildSettings = {
				ALWAYS_EMBED_SWIFT_STANDARD_LIBRARIES = YES;
				CODE_SIGN_STYLE = Automatic;
				CURRENT_PROJECT_VERSION = 1;
				DEVELOPMENT_TEAM = 7H6244WWCM;
				INFOPLIST_KEY_CFBundleDisplayName = NotesApp;
				MARKETING_VERSION = 1.0;
				PRODUCT_BUNDLE_IDENTIFIER = panchami.com.NotesApp;
				PRODUCT_NAME = "$(TARGET_NAME)";
				SDKROOT = iphoneos;
				SWIFT_VERSION = 5.0;
				VALIDATE_PRODUCT = YES;
			};
			name = Release;
		};
/* End XCBuildConfiguration section */

/* Begin XCConfigurationList section */
		BD983EDD2A37744D000A0C9E /* Build configuration list for PBXProject "NotesApp" */ = {
			isa = XCConfigurationList;
			buildConfigurations = (
				BD983EF42A37744F000A0C9E /* Debug */,
				BD983EF52A37744F000A0C9E /* Release */,
			);
			defaultConfigurationIsVisible = 0;
			defaultConfigurationName = Release;
		};
		BD983EF62A37744F000A0C9E /* Build configuration list for PBXNativeTarget "NotesApp Watch App" */ = {
			isa = XCConfigurationList;
			buildConfigurations = (
				BD983EF72A37744F000A0C9E /* Debug */,
				BD983EF82A37744F000A0C9E /* Release */,
			);
			defaultConfigurationIsVisible = 0;
			defaultConfigurationName = Release;
		};
		BD983EFA2A37744F000A0C9E /* Build configuration list for PBXNativeTarget "NotesApp" */ = {
			isa = XCConfigurationList;
			buildConfigurations = (
				BD983EFB2A37744F000A0C9E /* Debug */,
				BD983EFC2A37744F000A0C9E /* Release */,
			);
			defaultConfigurationIsVisible = 0;
			defaultConfigurationName = Release;
		};
/* End XCConfigurationList section */

/* Begin XCVersionGroup section */
		BD00E78A2A38095E00291E1B /* CoreDataModel.xcdatamodeld */ = {
			isa = XCVersionGroup;
			children = (
				BD00E78B2A38095E00291E1B /* CoreDataModel.xcdatamodel */,
			);
			currentVersion = BD00E78B2A38095E00291E1B /* CoreDataModel.xcdatamodel */;
			path = CoreDataModel.xcdatamodeld;
			sourceTree = "<group>";
			versionGroupType = wrapper.xcdatamodel;
		};
/* End XCVersionGroup section */
	};
	rootObject = BD983EDA2A37744D000A0C9E /* Project object */;
}
